// !$*UTF8*$!
{
	archiveVersion = 1;
	classes = {
	};
	objectVersion = 46;
	objects = {

/* Begin PBXBuildFile section */
		2E7E326318C216A800426121 /* Foundation.framework in Frameworks */ = {isa = PBXBuildFile; fileRef = 2E7E326218C216A800426121 /* Foundation.framework */; };
		2E7E326518C216A800426121 /* CoreGraphics.framework in Frameworks */ = {isa = PBXBuildFile; fileRef = 2E7E326418C216A800426121 /* CoreGraphics.framework */; };
		2E7E326718C216A800426121 /* UIKit.framework in Frameworks */ = {isa = PBXBuildFile; fileRef = 2E7E326618C216A800426121 /* UIKit.framework */; };
		2E7E326D18C216A800426121 /* InfoPlist.strings in Resources */ = {isa = PBXBuildFile; fileRef = 2E7E326B18C216A800426121 /* InfoPlist.strings */; };
		2E7E326F18C216A800426121 /* main.m in Sources */ = {isa = PBXBuildFile; fileRef = 2E7E326E18C216A800426121 /* main.m */; };
		2E7E327318C216A800426121 /* SFAppDelegate.m in Sources */ = {isa = PBXBuildFile; fileRef = 2E7E327218C216A800426121 /* SFAppDelegate.m */; };
		2E7E327618C216A800426121 /* Main.storyboard in Resources */ = {isa = PBXBuildFile; fileRef = 2E7E327418C216A800426121 /* Main.storyboard */; };
		2E7E327E18C216A800426121 /* Images.xcassets in Resources */ = {isa = PBXBuildFile; fileRef = 2E7E327D18C216A800426121 /* Images.xcassets */; };
		2E7E328518C216A800426121 /* XCTest.framework in Frameworks */ = {isa = PBXBuildFile; fileRef = 2E7E328418C216A800426121 /* XCTest.framework */; };
		2E7E328618C216A800426121 /* Foundation.framework in Frameworks */ = {isa = PBXBuildFile; fileRef = 2E7E326218C216A800426121 /* Foundation.framework */; };
		2E7E328718C216A800426121 /* UIKit.framework in Frameworks */ = {isa = PBXBuildFile; fileRef = 2E7E326618C216A800426121 /* UIKit.framework */; };
		2E7E328F18C216A800426121 /* InfoPlist.strings in Resources */ = {isa = PBXBuildFile; fileRef = 2E7E328D18C216A800426121 /* InfoPlist.strings */; };
		2E7E329118C216A800426121 /* ConferenceTests.m in Sources */ = {isa = PBXBuildFile; fileRef = 2E7E329018C216A800426121 /* ConferenceTests.m */; };
		2E7E329D18C21AD700426121 /* conference-50.png in Resources */ = {isa = PBXBuildFile; fileRef = 2E7E329B18C21AD700426121 /* conference-50.png */; };
		2E7E329E18C21AD700426121 /* like-50.png in Resources */ = {isa = PBXBuildFile; fileRef = 2E7E329C18C21AD700426121 /* like-50.png */; };
		2E7E32A118C21B4500426121 /* conference-25.png in Resources */ = {isa = PBXBuildFile; fileRef = 2E7E329F18C21B4500426121 /* conference-25.png */; };
		2E7E32A218C21B4500426121 /* conference-32.png in Resources */ = {isa = PBXBuildFile; fileRef = 2E7E32A018C21B4500426121 /* conference-32.png */; };
		2E7E32A518C21B5200426121 /* like-25.png in Resources */ = {isa = PBXBuildFile; fileRef = 2E7E32A318C21B5200426121 /* like-25.png */; };
		2E7E32A618C21B5200426121 /* like-32.png in Resources */ = {isa = PBXBuildFile; fileRef = 2E7E32A418C21B5200426121 /* like-32.png */; };
		2E7E32B018C2293800426121 /* SFSessionsViewController.m in Sources */ = {isa = PBXBuildFile; fileRef = 2E7E32AE18C2293800426121 /* SFSessionsViewController.m */; };
		2E7E32B318C22A7F00426121 /* SessionsCustomCell.xib in Resources */ = {isa = PBXBuildFile; fileRef = 2E7E32B218C22A7F00426121 /* SessionsCustomCell.xib */; };
		2E7E32B618C22B2E00426121 /* SFSessionCell.m in Sources */ = {isa = PBXBuildFile; fileRef = 2E7E32B518C22B2E00426121 /* SFSessionCell.m */; };
		2E7E32B818C2302600426121 /* test.json in Resources */ = {isa = PBXBuildFile; fileRef = 2E7E32B718C2302600426121 /* test.json */; };
		2E88D39218C4581700EFE315 /* IconDownloader.m in Sources */ = {isa = PBXBuildFile; fileRef = 2E88D39118C4581700EFE315 /* IconDownloader.m */; };
		2E88D39618C52D7300EFE315 /* lunch.jpg in Resources */ = {isa = PBXBuildFile; fileRef = 2E88D39518C52D7300EFE315 /* lunch.jpg */; };
		2E88D39818C6BD3600EFE315 /* CFNetwork.framework in Frameworks */ = {isa = PBXBuildFile; fileRef = 2E88D39718C6BD3600EFE315 /* CFNetwork.framework */; };
		2E88D39A18C6BD4400EFE315 /* Security.framework in Frameworks */ = {isa = PBXBuildFile; fileRef = 2E88D39918C6BD4400EFE315 /* Security.framework */; };
		2E88D39C18C6BD6100EFE315 /* libicucore.dylib in Frameworks */ = {isa = PBXBuildFile; fileRef = 2E88D39B18C6BD6100EFE315 /* libicucore.dylib */; };
		2E88D39F18C7EC1B00EFE315 /* SFFeedbackViewController.m in Sources */ = {isa = PBXBuildFile; fileRef = 2E88D39E18C7EC1B00EFE315 /* SFFeedbackViewController.m */; };
		2E88D3A218C7FBE900EFE315 /* TPKeyboardAvoidingScrollView.m in Sources */ = {isa = PBXBuildFile; fileRef = 2E88D3A118C7FBE900EFE315 /* TPKeyboardAvoidingScrollView.m */; };
		2E88D3A818C9370300EFE315 /* SFThankYouViewController.m in Sources */ = {isa = PBXBuildFile; fileRef = 2E88D3A718C9370300EFE315 /* SFThankYouViewController.m */; };
		2E88D3B418CACB1B00EFE315 /* libetpushsdk-3.0.0.a in Frameworks */ = {isa = PBXBuildFile; fileRef = 2E88D3AF18CACB1B00EFE315 /* libetpushsdk-3.0.0.a */; };
		2E88D3B618CAD3BA00EFE315 /* libsqlite3.0.dylib in Frameworks */ = {isa = PBXBuildFile; fileRef = 2E88D3B518CAD3BA00EFE315 /* libsqlite3.0.dylib */; };
		2E88D3BA18CE38D300EFE315 /* business-25.png in Resources */ = {isa = PBXBuildFile; fileRef = 2E88D3B718CE38D300EFE315 /* business-25.png */; };
		2E88D3BB18CE38D300EFE315 /* business-32.png in Resources */ = {isa = PBXBuildFile; fileRef = 2E88D3B818CE38D300EFE315 /* business-32.png */; };
		2E88D3BC18CE38D300EFE315 /* business-50.png in Resources */ = {isa = PBXBuildFile; fileRef = 2E88D3B918CE38D300EFE315 /* business-50.png */; };
		2E88D3C418CE3A6C00EFE315 /* slr_camera-32.png in Resources */ = {isa = PBXBuildFile; fileRef = 2E88D3C318CE3A6C00EFE315 /* slr_camera-32.png */; };
		2E88D3C618CE3ABE00EFE315 /* speech_bubble-32.png in Resources */ = {isa = PBXBuildFile; fileRef = 2E88D3C518CE3ABE00EFE315 /* speech_bubble-32.png */; };
		2E88D3C818CE413B00EFE315 /* SponsorsCustomCell.xib in Resources */ = {isa = PBXBuildFile; fileRef = 2E88D3C718CE413B00EFE315 /* SponsorsCustomCell.xib */; };
		2E88D3CB18CE41A200EFE315 /* SFSponsorsCell.m in Sources */ = {isa = PBXBuildFile; fileRef = 2E88D3CA18CE41A200EFE315 /* SFSponsorsCell.m */; };
		2E88D3CE18CE440000EFE315 /* SFSponsorsViewController.m in Sources */ = {isa = PBXBuildFile; fileRef = 2E88D3CD18CE440000EFE315 /* SFSponsorsViewController.m */; };
		533E1502ABF64EF9945964ED /* libPods.a in Frameworks */ = {isa = PBXBuildFile; fileRef = 9F15F53602B641A881152715 /* libPods.a */; };
/* End PBXBuildFile section */

/* Begin PBXContainerItemProxy section */
		2E7E328818C216A800426121 /* PBXContainerItemProxy */ = {
			isa = PBXContainerItemProxy;
			containerPortal = 2E7E325718C216A800426121 /* Project object */;
			proxyType = 1;
			remoteGlobalIDString = 2E7E325E18C216A800426121;
			remoteInfo = Conference;
		};
/* End PBXContainerItemProxy section */

/* Begin PBXFileReference section */
		2E7E325F18C216A800426121 /* Conference.app */ = {isa = PBXFileReference; explicitFileType = wrapper.application; includeInIndex = 0; path = Conference.app; sourceTree = BUILT_PRODUCTS_DIR; };
		2E7E326218C216A800426121 /* Foundation.framework */ = {isa = PBXFileReference; lastKnownFileType = wrapper.framework; name = Foundation.framework; path = System/Library/Frameworks/Foundation.framework; sourceTree = SDKROOT; };
		2E7E326418C216A800426121 /* CoreGraphics.framework */ = {isa = PBXFileReference; lastKnownFileType = wrapper.framework; name = CoreGraphics.framework; path = System/Library/Frameworks/CoreGraphics.framework; sourceTree = SDKROOT; };
		2E7E326618C216A800426121 /* UIKit.framework */ = {isa = PBXFileReference; lastKnownFileType = wrapper.framework; name = UIKit.framework; path = System/Library/Frameworks/UIKit.framework; sourceTree = SDKROOT; };
		2E7E326A18C216A800426121 /* Conference-Info.plist */ = {isa = PBXFileReference; lastKnownFileType = text.plist.xml; path = "Conference-Info.plist"; sourceTree = "<group>"; };
		2E7E326C18C216A800426121 /* en */ = {isa = PBXFileReference; lastKnownFileType = text.plist.strings; name = en; path = en.lproj/InfoPlist.strings; sourceTree = "<group>"; };
		2E7E326E18C216A800426121 /* main.m */ = {isa = PBXFileReference; lastKnownFileType = sourcecode.c.objc; path = main.m; sourceTree = "<group>"; };
		2E7E327018C216A800426121 /* Conference-Prefix.pch */ = {isa = PBXFileReference; lastKnownFileType = sourcecode.c.h; path = "Conference-Prefix.pch"; sourceTree = "<group>"; };
		2E7E327118C216A800426121 /* SFAppDelegate.h */ = {isa = PBXFileReference; lastKnownFileType = sourcecode.c.h; path = SFAppDelegate.h; sourceTree = "<group>"; };
		2E7E327218C216A800426121 /* SFAppDelegate.m */ = {isa = PBXFileReference; lastKnownFileType = sourcecode.c.objc; path = SFAppDelegate.m; sourceTree = "<group>"; };
		2E7E327518C216A800426121 /* Base */ = {isa = PBXFileReference; lastKnownFileType = file.storyboard; name = Base; path = Base.lproj/Main.storyboard; sourceTree = "<group>"; };
		2E7E327D18C216A800426121 /* Images.xcassets */ = {isa = PBXFileReference; lastKnownFileType = folder.assetcatalog; path = Images.xcassets; sourceTree = "<group>"; };
		2E7E328318C216A800426121 /* ConferenceTests.xctest */ = {isa = PBXFileReference; explicitFileType = wrapper.cfbundle; includeInIndex = 0; path = ConferenceTests.xctest; sourceTree = BUILT_PRODUCTS_DIR; };
		2E7E328418C216A800426121 /* XCTest.framework */ = {isa = PBXFileReference; lastKnownFileType = wrapper.framework; name = XCTest.framework; path = Library/Frameworks/XCTest.framework; sourceTree = DEVELOPER_DIR; };
		2E7E328C18C216A800426121 /* ConferenceTests-Info.plist */ = {isa = PBXFileReference; lastKnownFileType = text.plist.xml; path = "ConferenceTests-Info.plist"; sourceTree = "<group>"; };
		2E7E328E18C216A800426121 /* en */ = {isa = PBXFileReference; lastKnownFileType = text.plist.strings; name = en; path = en.lproj/InfoPlist.strings; sourceTree = "<group>"; };
		2E7E329018C216A800426121 /* ConferenceTests.m */ = {isa = PBXFileReference; lastKnownFileType = sourcecode.c.objc; path = ConferenceTests.m; sourceTree = "<group>"; };
		2E7E329B18C21AD700426121 /* conference-50.png */ = {isa = PBXFileReference; lastKnownFileType = image.png; path = "conference-50.png"; sourceTree = "<group>"; };
		2E7E329C18C21AD700426121 /* like-50.png */ = {isa = PBXFileReference; lastKnownFileType = image.png; path = "like-50.png"; sourceTree = "<group>"; };
		2E7E329F18C21B4500426121 /* conference-25.png */ = {isa = PBXFileReference; lastKnownFileType = image.png; path = "conference-25.png"; sourceTree = "<group>"; };
		2E7E32A018C21B4500426121 /* conference-32.png */ = {isa = PBXFileReference; lastKnownFileType = image.png; path = "conference-32.png"; sourceTree = "<group>"; };
		2E7E32A318C21B5200426121 /* like-25.png */ = {isa = PBXFileReference; lastKnownFileType = image.png; path = "like-25.png"; sourceTree = "<group>"; };
		2E7E32A418C21B5200426121 /* like-32.png */ = {isa = PBXFileReference; lastKnownFileType = image.png; path = "like-32.png"; sourceTree = "<group>"; };
		2E7E32AD18C2293800426121 /* SFSessionsViewController.h */ = {isa = PBXFileReference; fileEncoding = 4; lastKnownFileType = sourcecode.c.h; path = SFSessionsViewController.h; sourceTree = "<group>"; };
		2E7E32AE18C2293800426121 /* SFSessionsViewController.m */ = {isa = PBXFileReference; fileEncoding = 4; lastKnownFileType = sourcecode.c.objc; path = SFSessionsViewController.m; sourceTree = "<group>"; };
		2E7E32B218C22A7F00426121 /* SessionsCustomCell.xib */ = {isa = PBXFileReference; fileEncoding = 4; lastKnownFileType = file.xib; path = SessionsCustomCell.xib; sourceTree = "<group>"; };
		2E7E32B418C22B2E00426121 /* SFSessionCell.h */ = {isa = PBXFileReference; fileEncoding = 4; lastKnownFileType = sourcecode.c.h; path = SFSessionCell.h; sourceTree = "<group>"; };
		2E7E32B518C22B2E00426121 /* SFSessionCell.m */ = {isa = PBXFileReference; fileEncoding = 4; lastKnownFileType = sourcecode.c.objc; path = SFSessionCell.m; sourceTree = "<group>"; };
		2E7E32B718C2302600426121 /* test.json */ = {isa = PBXFileReference; fileEncoding = 4; lastKnownFileType = text.json; path = test.json; sourceTree = "<group>"; };
		2E88D39018C4581700EFE315 /* IconDownloader.h */ = {isa = PBXFileReference; fileEncoding = 4; lastKnownFileType = sourcecode.c.h; path = IconDownloader.h; sourceTree = "<group>"; };
		2E88D39118C4581700EFE315 /* IconDownloader.m */ = {isa = PBXFileReference; fileEncoding = 4; lastKnownFileType = sourcecode.c.objc; path = IconDownloader.m; sourceTree = "<group>"; };
		2E88D39518C52D7300EFE315 /* lunch.jpg */ = {isa = PBXFileReference; lastKnownFileType = image.jpeg; path = lunch.jpg; sourceTree = "<group>"; };
		2E88D39718C6BD3600EFE315 /* CFNetwork.framework */ = {isa = PBXFileReference; lastKnownFileType = wrapper.framework; name = CFNetwork.framework; path = System/Library/Frameworks/CFNetwork.framework; sourceTree = SDKROOT; };
		2E88D39918C6BD4400EFE315 /* Security.framework */ = {isa = PBXFileReference; lastKnownFileType = wrapper.framework; name = Security.framework; path = System/Library/Frameworks/Security.framework; sourceTree = SDKROOT; };
		2E88D39B18C6BD6100EFE315 /* libicucore.dylib */ = {isa = PBXFileReference; lastKnownFileType = "compiled.mach-o.dylib"; name = libicucore.dylib; path = usr/lib/libicucore.dylib; sourceTree = SDKROOT; };
		2E88D39D18C7EC1B00EFE315 /* SFFeedbackViewController.h */ = {isa = PBXFileReference; fileEncoding = 4; lastKnownFileType = sourcecode.c.h; path = SFFeedbackViewController.h; sourceTree = "<group>"; };
		2E88D39E18C7EC1B00EFE315 /* SFFeedbackViewController.m */ = {isa = PBXFileReference; fileEncoding = 4; lastKnownFileType = sourcecode.c.objc; path = SFFeedbackViewController.m; sourceTree = "<group>"; };
		2E88D3A018C7FBE900EFE315 /* TPKeyboardAvoidingScrollView.h */ = {isa = PBXFileReference; fileEncoding = 4; lastKnownFileType = sourcecode.c.h; path = TPKeyboardAvoidingScrollView.h; sourceTree = "<group>"; };
		2E88D3A118C7FBE900EFE315 /* TPKeyboardAvoidingScrollView.m */ = {isa = PBXFileReference; fileEncoding = 4; lastKnownFileType = sourcecode.c.objc; path = TPKeyboardAvoidingScrollView.m; sourceTree = "<group>"; };
		2E88D3A618C9370300EFE315 /* SFThankYouViewController.h */ = {isa = PBXFileReference; fileEncoding = 4; lastKnownFileType = sourcecode.c.h; path = SFThankYouViewController.h; sourceTree = "<group>"; };
		2E88D3A718C9370300EFE315 /* SFThankYouViewController.m */ = {isa = PBXFileReference; fileEncoding = 4; lastKnownFileType = sourcecode.c.objc; path = SFThankYouViewController.m; sourceTree = "<group>"; };
		2E88D3AA18CACB1B00EFE315 /* ETLocationManager.h */ = {isa = PBXFileReference; fileEncoding = 4; lastKnownFileType = sourcecode.c.h; path = ETLocationManager.h; sourceTree = "<group>"; };
		2E88D3AB18CACB1B00EFE315 /* ETPush.h */ = {isa = PBXFileReference; fileEncoding = 4; lastKnownFileType = sourcecode.c.h; path = ETPush.h; sourceTree = "<group>"; };
		2E88D3AC18CACB1B00EFE315 /* FenceMessage.h */ = {isa = PBXFileReference; fileEncoding = 4; lastKnownFileType = sourcecode.c.h; path = FenceMessage.h; sourceTree = "<group>"; };
		2E88D3AD18CACB1B00EFE315 /* GenericUpdate.h */ = {isa = PBXFileReference; fileEncoding = 4; lastKnownFileType = sourcecode.c.h; path = GenericUpdate.h; sourceTree = "<group>"; };
		2E88D3AE18CACB1B00EFE315 /* Geofence.h */ = {isa = PBXFileReference; fileEncoding = 4; lastKnownFileType = sourcecode.c.h; path = Geofence.h; sourceTree = "<group>"; };
		2E88D3AF18CACB1B00EFE315 /* libetpushsdk-3.0.0.a */ = {isa = PBXFileReference; lastKnownFileType = archive.ar; path = "libetpushsdk-3.0.0.a"; sourceTree = "<group>"; };
		2E88D3B018CACB1B00EFE315 /* LocationUpdate.h */ = {isa = PBXFileReference; fileEncoding = 4; lastKnownFileType = sourcecode.c.h; path = LocationUpdate.h; sourceTree = "<group>"; };
		2E88D3B118CACB1B00EFE315 /* Message.h */ = {isa = PBXFileReference; fileEncoding = 4; lastKnownFileType = sourcecode.c.h; path = Message.h; sourceTree = "<group>"; };
		2E88D3B218CACB1B00EFE315 /* PushConstants.h */ = {isa = PBXFileReference; fileEncoding = 4; lastKnownFileType = sourcecode.c.h; path = PushConstants.h; sourceTree = "<group>"; };
		2E88D3B318CACB1B00EFE315 /* Region.h */ = {isa = PBXFileReference; fileEncoding = 4; lastKnownFileType = sourcecode.c.h; path = Region.h; sourceTree = "<group>"; };
		2E88D3B518CAD3BA00EFE315 /* libsqlite3.0.dylib */ = {isa = PBXFileReference; lastKnownFileType = "compiled.mach-o.dylib"; name = libsqlite3.0.dylib; path = usr/lib/libsqlite3.0.dylib; sourceTree = SDKROOT; };
		2E88D3B718CE38D300EFE315 /* business-25.png */ = {isa = PBXFileReference; lastKnownFileType = image.png; path = "business-25.png"; sourceTree = "<group>"; };
		2E88D3B818CE38D300EFE315 /* business-32.png */ = {isa = PBXFileReference; lastKnownFileType = image.png; path = "business-32.png"; sourceTree = "<group>"; };
		2E88D3B918CE38D300EFE315 /* business-50.png */ = {isa = PBXFileReference; lastKnownFileType = image.png; path = "business-50.png"; sourceTree = "<group>"; };
		2E88D3C318CE3A6C00EFE315 /* slr_camera-32.png */ = {isa = PBXFileReference; lastKnownFileType = image.png; path = "slr_camera-32.png"; sourceTree = "<group>"; };
		2E88D3C518CE3ABE00EFE315 /* speech_bubble-32.png */ = {isa = PBXFileReference; lastKnownFileType = image.png; path = "speech_bubble-32.png"; sourceTree = "<group>"; };
		2E88D3C718CE413B00EFE315 /* SponsorsCustomCell.xib */ = {isa = PBXFileReference; fileEncoding = 4; lastKnownFileType = file.xib; path = SponsorsCustomCell.xib; sourceTree = "<group>"; };
		2E88D3C918CE41A200EFE315 /* SFSponsorsCell.h */ = {isa = PBXFileReference; fileEncoding = 4; lastKnownFileType = sourcecode.c.h; path = SFSponsorsCell.h; sourceTree = "<group>"; };
		2E88D3CA18CE41A200EFE315 /* SFSponsorsCell.m */ = {isa = PBXFileReference; fileEncoding = 4; lastKnownFileType = sourcecode.c.objc; path = SFSponsorsCell.m; sourceTree = "<group>"; };
		2E88D3CC18CE440000EFE315 /* SFSponsorsViewController.h */ = {isa = PBXFileReference; fileEncoding = 4; lastKnownFileType = sourcecode.c.h; path = SFSponsorsViewController.h; sourceTree = "<group>"; };
		2E88D3CD18CE440000EFE315 /* SFSponsorsViewController.m */ = {isa = PBXFileReference; fileEncoding = 4; lastKnownFileType = sourcecode.c.objc; path = SFSponsorsViewController.m; sourceTree = "<group>"; };
		9F15F53602B641A881152715 /* libPods.a */ = {isa = PBXFileReference; explicitFileType = archive.ar; includeInIndex = 0; path = libPods.a; sourceTree = BUILT_PRODUCTS_DIR; };
		A20A02FD691B4D4F97A98A6C /* Pods.xcconfig */ = {isa = PBXFileReference; includeInIndex = 1; lastKnownFileType = text.xcconfig; name = Pods.xcconfig; path = Pods/Pods.xcconfig; sourceTree = "<group>"; };
/* End PBXFileReference section */

/* Begin PBXFrameworksBuildPhase section */
		2E7E325C18C216A800426121 /* Frameworks */ = {
			isa = PBXFrameworksBuildPhase;
			buildActionMask = 2147483647;
			files = (
				2E88D3B618CAD3BA00EFE315 /* libsqlite3.0.dylib in Frameworks */,
				2E88D39C18C6BD6100EFE315 /* libicucore.dylib in Frameworks */,
				2E88D3B418CACB1B00EFE315 /* libetpushsdk-3.0.0.a in Frameworks */,
				2E88D39A18C6BD4400EFE315 /* Security.framework in Frameworks */,
				2E88D39818C6BD3600EFE315 /* CFNetwork.framework in Frameworks */,
				2E7E326518C216A800426121 /* CoreGraphics.framework in Frameworks */,
				2E7E326718C216A800426121 /* UIKit.framework in Frameworks */,
				2E7E326318C216A800426121 /* Foundation.framework in Frameworks */,
				533E1502ABF64EF9945964ED /* libPods.a in Frameworks */,
			);
			runOnlyForDeploymentPostprocessing = 0;
		};
		2E7E328018C216A800426121 /* Frameworks */ = {
			isa = PBXFrameworksBuildPhase;
			buildActionMask = 2147483647;
			files = (
				2E7E328518C216A800426121 /* XCTest.framework in Frameworks */,
				2E7E328718C216A800426121 /* UIKit.framework in Frameworks */,
				2E7E328618C216A800426121 /* Foundation.framework in Frameworks */,
			);
			runOnlyForDeploymentPostprocessing = 0;
		};
/* End PBXFrameworksBuildPhase section */

/* Begin PBXGroup section */
		2E7E325618C216A800426121 = {
			isa = PBXGroup;
			children = (
				2E7E32B718C2302600426121 /* test.json */,
				2E7E32B218C22A7F00426121 /* SessionsCustomCell.xib */,
				2E88D3C718CE413B00EFE315 /* SponsorsCustomCell.xib */,
				2E7E327418C216A800426121 /* Main.storyboard */,
				2E7E326818C216A800426121 /* Conference */,
				2E7E328A18C216A800426121 /* ConferenceTests */,
				2E7E326118C216A800426121 /* Frameworks */,
				2E7E326018C216A800426121 /* Products */,
				A20A02FD691B4D4F97A98A6C /* Pods.xcconfig */,
			);
			sourceTree = "<group>";
		};
		2E7E326018C216A800426121 /* Products */ = {
			isa = PBXGroup;
			children = (
				2E7E325F18C216A800426121 /* Conference.app */,
				2E7E328318C216A800426121 /* ConferenceTests.xctest */,
			);
			name = Products;
			sourceTree = "<group>";
		};
		2E7E326118C216A800426121 /* Frameworks */ = {
			isa = PBXGroup;
			children = (
				2E88D3B518CAD3BA00EFE315 /* libsqlite3.0.dylib */,
				2E88D39B18C6BD6100EFE315 /* libicucore.dylib */,
				2E88D39918C6BD4400EFE315 /* Security.framework */,
				2E88D39718C6BD3600EFE315 /* CFNetwork.framework */,
				2E7E326218C216A800426121 /* Foundation.framework */,
				2E7E326418C216A800426121 /* CoreGraphics.framework */,
				2E7E326618C216A800426121 /* UIKit.framework */,
				2E7E328418C216A800426121 /* XCTest.framework */,
				9F15F53602B641A881152715 /* libPods.a */,
			);
			name = Frameworks;
			sourceTree = "<group>";
		};
		2E7E326818C216A800426121 /* Conference */ = {
			isa = PBXGroup;
			children = (
				2E88D39018C4581700EFE315 /* IconDownloader.h */,
				2E88D39118C4581700EFE315 /* IconDownloader.m */,
				2E7E32B418C22B2E00426121 /* SFSessionCell.h */,
				2E7E32B518C22B2E00426121 /* SFSessionCell.m */,
				2E7E327118C216A800426121 /* SFAppDelegate.h */,
				2E7E327218C216A800426121 /* SFAppDelegate.m */,
				2E88D3C918CE41A200EFE315 /* SFSponsorsCell.h */,
				2E88D3CA18CE41A200EFE315 /* SFSponsorsCell.m */,
				2E88D3CC18CE440000EFE315 /* SFSponsorsViewController.h */,
				2E88D3CD18CE440000EFE315 /* SFSponsorsViewController.m */,
				2E7E32AD18C2293800426121 /* SFSessionsViewController.h */,
				2E7E32AE18C2293800426121 /* SFSessionsViewController.m */,
				2E88D39D18C7EC1B00EFE315 /* SFFeedbackViewController.h */,
				2E88D39E18C7EC1B00EFE315 /* SFFeedbackViewController.m */,
				2E88D3A618C9370300EFE315 /* SFThankYouViewController.h */,
				2E88D3A718C9370300EFE315 /* SFThankYouViewController.m */,
				2E88D3A018C7FBE900EFE315 /* TPKeyboardAvoidingScrollView.h */,
				2E88D3A118C7FBE900EFE315 /* TPKeyboardAvoidingScrollView.m */,
				2E7E327D18C216A800426121 /* Images.xcassets */,
				2E7E329A18C21AD700426121 /* images */,
				2E7E326918C216A800426121 /* Supporting Files */,
			);
			path = Conference;
			sourceTree = "<group>";
		};
		2E7E326918C216A800426121 /* Supporting Files */ = {
			isa = PBXGroup;
			children = (
				2E88D3A918CACB1B00EFE315 /* etpushsdk */,
				2E7E326A18C216A800426121 /* Conference-Info.plist */,
				2E7E326B18C216A800426121 /* InfoPlist.strings */,
				2E7E326E18C216A800426121 /* main.m */,
				2E7E327018C216A800426121 /* Conference-Prefix.pch */,
			);
			name = "Supporting Files";
			sourceTree = "<group>";
		};
		2E7E328A18C216A800426121 /* ConferenceTests */ = {
			isa = PBXGroup;
			children = (
				2E7E329018C216A800426121 /* ConferenceTests.m */,
				2E7E328B18C216A800426121 /* Supporting Files */,
			);
			path = ConferenceTests;
			sourceTree = "<group>";
		};
		2E7E328B18C216A800426121 /* Supporting Files */ = {
			isa = PBXGroup;
			children = (
				2E7E328C18C216A800426121 /* ConferenceTests-Info.plist */,
				2E7E328D18C216A800426121 /* InfoPlist.strings */,
			);
			name = "Supporting Files";
			sourceTree = "<group>";
		};
		2E7E329A18C21AD700426121 /* images */ = {
			isa = PBXGroup;
			children = (
				2E88D39518C52D7300EFE315 /* lunch.jpg */,
				2E88D3C318CE3A6C00EFE315 /* slr_camera-32.png */,
				2E7E329F18C21B4500426121 /* conference-25.png */,
				2E7E32A018C21B4500426121 /* conference-32.png */,
				2E88D3C518CE3ABE00EFE315 /* speech_bubble-32.png */,
				2E7E329B18C21AD700426121 /* conference-50.png */,
				2E88D3B718CE38D300EFE315 /* business-25.png */,
				2E88D3B818CE38D300EFE315 /* business-32.png */,
				2E88D3B918CE38D300EFE315 /* business-50.png */,
				2E7E32A318C21B5200426121 /* like-25.png */,
				2E7E32A418C21B5200426121 /* like-32.png */,
				2E7E329C18C21AD700426121 /* like-50.png */,
			);
			path = images;
			sourceTree = "<group>";
		};
		2E88D3A918CACB1B00EFE315 /* etpushsdk */ = {
			isa = PBXGroup;
			children = (
				2E88D3AA18CACB1B00EFE315 /* ETLocationManager.h */,
				2E88D3AB18CACB1B00EFE315 /* ETPush.h */,
				2E88D3AC18CACB1B00EFE315 /* FenceMessage.h */,
				2E88D3AD18CACB1B00EFE315 /* GenericUpdate.h */,
				2E88D3AE18CACB1B00EFE315 /* Geofence.h */,
				2E88D3AF18CACB1B00EFE315 /* libetpushsdk-3.0.0.a */,
				2E88D3B018CACB1B00EFE315 /* LocationUpdate.h */,
				2E88D3B118CACB1B00EFE315 /* Message.h */,
				2E88D3B218CACB1B00EFE315 /* PushConstants.h */,
				2E88D3B318CACB1B00EFE315 /* Region.h */,
			);
			path = etpushsdk;
			sourceTree = "<group>";
		};
/* End PBXGroup section */

/* Begin PBXNativeTarget section */
		2E7E325E18C216A800426121 /* Conference */ = {
			isa = PBXNativeTarget;
			buildConfigurationList = 2E7E329418C216A800426121 /* Build configuration list for PBXNativeTarget "Conference" */;
			buildPhases = (
				A55ABF8F31764E8491D1A3D0 /* Check Pods Manifest.lock */,
				2E7E325B18C216A800426121 /* Sources */,
				2E7E325C18C216A800426121 /* Frameworks */,
				2E7E325D18C216A800426121 /* Resources */,
				A62D3E9E2C194BFDA79C3567 /* Copy Pods Resources */,
			);
			buildRules = (
			);
			dependencies = (
			);
			name = Conference;
			productName = Conference;
			productReference = 2E7E325F18C216A800426121 /* Conference.app */;
			productType = "com.apple.product-type.application";
		};
		2E7E328218C216A800426121 /* ConferenceTests */ = {
			isa = PBXNativeTarget;
			buildConfigurationList = 2E7E329718C216A800426121 /* Build configuration list for PBXNativeTarget "ConferenceTests" */;
			buildPhases = (
				2E7E327F18C216A800426121 /* Sources */,
				2E7E328018C216A800426121 /* Frameworks */,
				2E7E328118C216A800426121 /* Resources */,
			);
			buildRules = (
			);
			dependencies = (
				2E7E328918C216A800426121 /* PBXTargetDependency */,
			);
			name = ConferenceTests;
			productName = ConferenceTests;
			productReference = 2E7E328318C216A800426121 /* ConferenceTests.xctest */;
			productType = "com.apple.product-type.bundle.unit-test";
		};
/* End PBXNativeTarget section */

/* Begin PBXProject section */
		2E7E325718C216A800426121 /* Project object */ = {
			isa = PBXProject;
			attributes = {
				CLASSPREFIX = SF;
				LastUpgradeCheck = 0500;
				ORGANIZATIONNAME = Salesforce;
				TargetAttributes = {
					2E7E328218C216A800426121 = {
						TestTargetID = 2E7E325E18C216A800426121;
					};
				};
			};
			buildConfigurationList = 2E7E325A18C216A800426121 /* Build configuration list for PBXProject "Conference" */;
			compatibilityVersion = "Xcode 3.2";
			developmentRegion = English;
			hasScannedForEncodings = 0;
			knownRegions = (
				en,
				Base,
			);
			mainGroup = 2E7E325618C216A800426121;
			productRefGroup = 2E7E326018C216A800426121 /* Products */;
			projectDirPath = "";
			projectRoot = "";
			targets = (
				2E7E325E18C216A800426121 /* Conference */,
				2E7E328218C216A800426121 /* ConferenceTests */,
			);
		};
/* End PBXProject section */

/* Begin PBXResourcesBuildPhase section */
		2E7E325D18C216A800426121 /* Resources */ = {
			isa = PBXResourcesBuildPhase;
			buildActionMask = 2147483647;
			files = (
				2E7E32A118C21B4500426121 /* conference-25.png in Resources */,
				2E7E327E18C216A800426121 /* Images.xcassets in Resources */,
				2E88D3BB18CE38D300EFE315 /* business-32.png in Resources */,
				2E7E326D18C216A800426121 /* InfoPlist.strings in Resources */,
				2E88D3C618CE3ABE00EFE315 /* speech_bubble-32.png in Resources */,
				2E7E329E18C21AD700426121 /* like-50.png in Resources */,
				2E7E32A218C21B4500426121 /* conference-32.png in Resources */,
				2E7E32B318C22A7F00426121 /* SessionsCustomCell.xib in Resources */,
				2E7E329D18C21AD700426121 /* conference-50.png in Resources */,
				2E7E327618C216A800426121 /* Main.storyboard in Resources */,
				2E7E32A618C21B5200426121 /* like-32.png in Resources */,
				2E7E32B818C2302600426121 /* test.json in Resources */,
				2E88D3BC18CE38D300EFE315 /* business-50.png in Resources */,
				2E88D3C818CE413B00EFE315 /* SponsorsCustomCell.xib in Resources */,
				2E88D39618C52D7300EFE315 /* lunch.jpg in Resources */,
				2E7E32A518C21B5200426121 /* like-25.png in Resources */,
				2E88D3BA18CE38D300EFE315 /* business-25.png in Resources */,
				2E88D3C418CE3A6C00EFE315 /* slr_camera-32.png in Resources */,
			);
			runOnlyForDeploymentPostprocessing = 0;
		};
		2E7E328118C216A800426121 /* Resources */ = {
			isa = PBXResourcesBuildPhase;
			buildActionMask = 2147483647;
			files = (
				2E7E328F18C216A800426121 /* InfoPlist.strings in Resources */,
			);
			runOnlyForDeploymentPostprocessing = 0;
		};
/* End PBXResourcesBuildPhase section */

/* Begin PBXShellScriptBuildPhase section */
		A55ABF8F31764E8491D1A3D0 /* Check Pods Manifest.lock */ = {
			isa = PBXShellScriptBuildPhase;
			buildActionMask = 2147483647;
			files = (
			);
			inputPaths = (
			);
			name = "Check Pods Manifest.lock";
			outputPaths = (
			);
			runOnlyForDeploymentPostprocessing = 0;
			shellPath = /bin/sh;
			shellScript = "diff \"${PODS_ROOT}/../Podfile.lock\" \"${PODS_ROOT}/Manifest.lock\" > /dev/null\nif [[ $? != 0 ]] ; then\n    cat << EOM\nerror: The sandbox is not in sync with the Podfile.lock. Run 'pod install' or update your CocoaPods installation.\nEOM\n    exit 1\nfi\n";
			showEnvVarsInLog = 0;
		};
		A62D3E9E2C194BFDA79C3567 /* Copy Pods Resources */ = {
			isa = PBXShellScriptBuildPhase;
			buildActionMask = 2147483647;
			files = (
			);
			inputPaths = (
			);
			name = "Copy Pods Resources";
			outputPaths = (
			);
			runOnlyForDeploymentPostprocessing = 0;
			shellPath = /bin/sh;
			shellScript = "\"${SRCROOT}/Pods/Pods-resources.sh\"\n";
			showEnvVarsInLog = 0;
		};
/* End PBXShellScriptBuildPhase section */

/* Begin PBXSourcesBuildPhase section */
		2E7E325B18C216A800426121 /* Sources */ = {
			isa = PBXSourcesBuildPhase;
			buildActionMask = 2147483647;
			files = (
				2E88D3A818C9370300EFE315 /* SFThankYouViewController.m in Sources */,
				2E88D3A218C7FBE900EFE315 /* TPKeyboardAvoidingScrollView.m in Sources */,
				2E88D3CB18CE41A200EFE315 /* SFSponsorsCell.m in Sources */,
				2E88D39F18C7EC1B00EFE315 /* SFFeedbackViewController.m in Sources */,
				2E7E326F18C216A800426121 /* main.m in Sources */,
				2E7E327318C216A800426121 /* SFAppDelegate.m in Sources */,
				2E88D3CE18CE440000EFE315 /* SFSponsorsViewController.m in Sources */,
				2E88D39218C4581700EFE315 /* IconDownloader.m in Sources */,
				2E7E32B018C2293800426121 /* SFSessionsViewController.m in Sources */,
				2E7E32B618C22B2E00426121 /* SFSessionCell.m in Sources */,
			);
			runOnlyForDeploymentPostprocessing = 0;
		};
		2E7E327F18C216A800426121 /* Sources */ = {
			isa = PBXSourcesBuildPhase;
			buildActionMask = 2147483647;
			files = (
				2E7E329118C216A800426121 /* ConferenceTests.m in Sources */,
			);
			runOnlyForDeploymentPostprocessing = 0;
		};
/* End PBXSourcesBuildPhase section */

/* Begin PBXTargetDependency section */
		2E7E328918C216A800426121 /* PBXTargetDependency */ = {
			isa = PBXTargetDependency;
			target = 2E7E325E18C216A800426121 /* Conference */;
			targetProxy = 2E7E328818C216A800426121 /* PBXContainerItemProxy */;
		};
/* End PBXTargetDependency section */

/* Begin PBXVariantGroup section */
		2E7E326B18C216A800426121 /* InfoPlist.strings */ = {
			isa = PBXVariantGroup;
			children = (
				2E7E326C18C216A800426121 /* en */,
			);
			name = InfoPlist.strings;
			sourceTree = "<group>";
		};
		2E7E327418C216A800426121 /* Main.storyboard */ = {
			isa = PBXVariantGroup;
			children = (
				2E7E327518C216A800426121 /* Base */,
			);
			name = Main.storyboard;
			path = Conference;
			sourceTree = "<group>";
		};
		2E7E328D18C216A800426121 /* InfoPlist.strings */ = {
			isa = PBXVariantGroup;
			children = (
				2E7E328E18C216A800426121 /* en */,
			);
			name = InfoPlist.strings;
			sourceTree = "<group>";
		};
/* End PBXVariantGroup section */

/* Begin XCBuildConfiguration section */
		2E7E329218C216A800426121 /* Debug */ = {
			isa = XCBuildConfiguration;
			buildSettings = {
				ALWAYS_SEARCH_USER_PATHS = NO;
				ARCHS = "$(ARCHS_STANDARD_INCLUDING_64_BIT)";
				CLANG_CXX_LANGUAGE_STANDARD = "gnu++0x";
				CLANG_CXX_LIBRARY = "libc++";
				CLANG_ENABLE_MODULES = YES;
				CLANG_ENABLE_OBJC_ARC = YES;
				CLANG_WARN_BOOL_CONVERSION = YES;
				CLANG_WARN_CONSTANT_CONVERSION = YES;
				CLANG_WARN_DIRECT_OBJC_ISA_USAGE = YES_ERROR;
				CLANG_WARN_EMPTY_BODY = YES;
				CLANG_WARN_ENUM_CONVERSION = YES;
				CLANG_WARN_INT_CONVERSION = YES;
				CLANG_WARN_OBJC_ROOT_CLASS = YES_ERROR;
				CLANG_WARN__DUPLICATE_METHOD_MATCH = YES;
				"CODE_SIGN_IDENTITY[sdk=iphoneos*]" = "iPhone Developer";
				COPY_PHASE_STRIP = NO;
				GCC_C_LANGUAGE_STANDARD = gnu99;
				GCC_DYNAMIC_NO_PIC = NO;
				GCC_OPTIMIZATION_LEVEL = 0;
				GCC_PREPROCESSOR_DEFINITIONS = (
					"DEBUG=1",
					"$(inherited)",
				);
				GCC_SYMBOLS_PRIVATE_EXTERN = NO;
				GCC_WARN_64_TO_32_BIT_CONVERSION = YES;
				GCC_WARN_ABOUT_RETURN_TYPE = YES_ERROR;
				GCC_WARN_UNDECLARED_SELECTOR = YES;
				GCC_WARN_UNINITIALIZED_AUTOS = YES;
				GCC_WARN_UNUSED_FUNCTION = YES;
				GCC_WARN_UNUSED_VARIABLE = YES;
				IPHONEOS_DEPLOYMENT_TARGET = 7.0;
				ONLY_ACTIVE_ARCH = YES;
				SDKROOT = iphoneos;
			};
			name = Debug;
		};
		2E7E329318C216A800426121 /* Release */ = {
			isa = XCBuildConfiguration;
			buildSettings = {
				ALWAYS_SEARCH_USER_PATHS = NO;
				ARCHS = "$(ARCHS_STANDARD_INCLUDING_64_BIT)";
				CLANG_CXX_LANGUAGE_STANDARD = "gnu++0x";
				CLANG_CXX_LIBRARY = "libc++";
				CLANG_ENABLE_MODULES = YES;
				CLANG_ENABLE_OBJC_ARC = YES;
				CLANG_WARN_BOOL_CONVERSION = YES;
				CLANG_WARN_CONSTANT_CONVERSION = YES;
				CLANG_WARN_DIRECT_OBJC_ISA_USAGE = YES_ERROR;
				CLANG_WARN_EMPTY_BODY = YES;
				CLANG_WARN_ENUM_CONVERSION = YES;
				CLANG_WARN_INT_CONVERSION = YES;
				CLANG_WARN_OBJC_ROOT_CLASS = YES_ERROR;
				CLANG_WARN__DUPLICATE_METHOD_MATCH = YES;
				"CODE_SIGN_IDENTITY[sdk=iphoneos*]" = "iPhone Developer";
				COPY_PHASE_STRIP = YES;
				ENABLE_NS_ASSERTIONS = NO;
				GCC_C_LANGUAGE_STANDARD = gnu99;
				GCC_WARN_64_TO_32_BIT_CONVERSION = YES;
				GCC_WARN_ABOUT_RETURN_TYPE = YES_ERROR;
				GCC_WARN_UNDECLARED_SELECTOR = YES;
				GCC_WARN_UNINITIALIZED_AUTOS = YES;
				GCC_WARN_UNUSED_FUNCTION = YES;
				GCC_WARN_UNUSED_VARIABLE = YES;
				IPHONEOS_DEPLOYMENT_TARGET = 7.0;
				SDKROOT = iphoneos;
				VALIDATE_PRODUCT = YES;
			};
			name = Release;
		};
		2E7E329518C216A800426121 /* Debug */ = {
			isa = XCBuildConfiguration;
			baseConfigurationReference = A20A02FD691B4D4F97A98A6C /* Pods.xcconfig */;
			buildSettings = {
				ASSETCATALOG_COMPILER_APPICON_NAME = AppIcon;
				ASSETCATALOG_COMPILER_LAUNCHIMAGE_NAME = LaunchImage;
				GCC_PRECOMPILE_PREFIX_HEADER = YES;
				GCC_PREFIX_HEADER = "Conference/Conference-Prefix.pch";
				INFOPLIST_FILE = "Conference/Conference-Info.plist";
				LIBRARY_SEARCH_PATHS = (
					"$(inherited)",
					/Users/rraodv/apps/Conference/Conference/etpushsdk,
				);
				PRODUCT_NAME = "$(TARGET_NAME)";
				WRAPPER_EXTENSION = app;
			};
			name = Debug;
		};
		2E7E329618C216A800426121 /* Release */ = {
			isa = XCBuildConfiguration;
			baseConfigurationReference = A20A02FD691B4D4F97A98A6C /* Pods.xcconfig */;
			buildSettings = {
				ASSETCATALOG_COMPILER_APPICON_NAME = AppIcon;
				ASSETCATALOG_COMPILER_LAUNCHIMAGE_NAME = LaunchImage;
				GCC_PRECOMPILE_PREFIX_HEADER = YES;
				GCC_PREFIX_HEADER = "Conference/Conference-Prefix.pch";
				INFOPLIST_FILE = "Conference/Conference-Info.plist";
				LIBRARY_SEARCH_PATHS = (
					"$(inherited)",
					/Users/rraodv/apps/Conference/Conference/etpushsdk,
				);
				PRODUCT_NAME = "$(TARGET_NAME)";
				WRAPPER_EXTENSION = app;
			};
			name = Release;
		};
		2E7E329818C216A800426121 /* Debug */ = {
			isa = XCBuildConfiguration;
			buildSettings = {
				ARCHS = "$(ARCHS_STANDARD_INCLUDING_64_BIT)";
				BUNDLE_LOADER = "$(BUILT_PRODUCTS_DIR)/Conference.app/Conference";
				FRAMEWORK_SEARCH_PATHS = (
					"$(SDKROOT)/Developer/Library/Frameworks",
					"$(inherited)",
					"$(DEVELOPER_FRAMEWORKS_DIR)",
				);
				GCC_PRECOMPILE_PREFIX_HEADER = YES;
				GCC_PREFIX_HEADER = "Conference/Conference-Prefix.pch";
				GCC_PREPROCESSOR_DEFINITIONS = (
					"DEBUG=1",
					"$(inherited)",
				);
				INFOPLIST_FILE = "ConferenceTests/ConferenceTests-Info.plist";
				PRODUCT_NAME = "$(TARGET_NAME)";
				TEST_HOST = "$(BUNDLE_LOADER)";
				WRAPPER_EXTENSION = xctest;
			};
			name = Debug;
		};
		2E7E329918C216A800426121 /* Release */ = {
			isa = XCBuildConfiguration;
			buildSettings = {
				ARCHS = "$(ARCHS_STANDARD_INCLUDING_64_BIT)";
				BUNDLE_LOADER = "$(BUILT_PRODUCTS_DIR)/Conference.app/Conference";
				FRAMEWORK_SEARCH_PATHS = (
					"$(SDKROOT)/Developer/Library/Frameworks",
					"$(inherited)",
					"$(DEVELOPER_FRAMEWORKS_DIR)",
				);
				GCC_PRECOMPILE_PREFIX_HEADER = YES;
				GCC_PREFIX_HEADER = "Conference/Conference-Prefix.pch";
				INFOPLIST_FILE = "ConferenceTests/ConferenceTests-Info.plist";
				PRODUCT_NAME = "$(TARGET_NAME)";
				TEST_HOST = "$(BUNDLE_LOADER)";
				WRAPPER_EXTENSION = xctest;
			};
			name = Release;
		};
/* End XCBuildConfiguration section */

/* Begin XCConfigurationList section */
		2E7E325A18C216A800426121 /* Build configuration list for PBXProject "Conference" */ = {
			isa = XCConfigurationList;
			buildConfigurations = (
				2E7E329218C216A800426121 /* Debug */,
				2E7E329318C216A800426121 /* Release */,
			);
			defaultConfigurationIsVisible = 0;
			defaultConfigurationName = Release;
		};
		2E7E329418C216A800426121 /* Build configuration list for PBXNativeTarget "Conference" */ = {
			isa = XCConfigurationList;
			buildConfigurations = (
				2E7E329518C216A800426121 /* Debug */,
				2E7E329618C216A800426121 /* Release */,
			);
			defaultConfigurationIsVisible = 0;
			defaultConfigurationName = Release;
		};
		2E7E329718C216A800426121 /* Build configuration list for PBXNativeTarget "ConferenceTests" */ = {
			isa = XCConfigurationList;
			buildConfigurations = (
				2E7E329818C216A800426121 /* Debug */,
				2E7E329918C216A800426121 /* Release */,
			);
			defaultConfigurationIsVisible = 0;
			defaultConfigurationName = Release;
		};
/* End XCConfigurationList section */
	};
	rootObject = 2E7E325718C216A800426121 /* Project object */;
}
